<?xml version="1.0" encoding="utf-8"?>
<Project ToolsVersion="4.0" xmlns="http://schemas.microsoft.com/developer/msbuild/2003">
  <ItemGroup>
    <Filter Include="Source Files">
      <UniqueIdentifier>{4FC737F1-C7A5-4376-A066-2A32D752A2FF}</UniqueIdentifier>
      <Extensions>cpp;c;cc;cxx;def;odl;idl;hpj;bat;asm;asmx</Extensions>
    </Filter>
    <Filter Include="Header Files">
      <UniqueIdentifier>{93995380-89BD-4b04-88EB-625FBE52EBFB}</UniqueIdentifier>
      <Extensions>h;hh;hpp;hxx;hm;inl;inc;xsd</Extensions>
    </Filter>
    <Filter Include="Resource Files">
      <UniqueIdentifier>{67DA6AB6-F800-4c08-8B7A-83BB121AAD01}</UniqueIdentifier>
      <Extensions>rc;ico;cur;bmp;dlg;rc2;rct;bin;rgs;gif;jpg;jpeg;jpe;resx;tiff;tif;png;wav</Extensions>
    </Filter>
  </ItemGroup>
  <ItemGroup>
    <ClCompile Include="brush.cpp">
      <Filter>Source Files</Filter>
    </ClCompile>
    <ClCompile Include="camera.cpp">
      <Filter>Source Files</Filter>
    </ClCompile>
    <ClCompile Include="cmdlib.cpp">
      <Filter>Source Files</Filter>
    </ClCompile>
    <ClCompile Include="csg.cpp">
      <Filter>Source Files</Filter>
    </ClCompile>
    <ClCompile Include="drag.cpp">
      <Filter>Source Files</Filter>
    </ClCompile>
    <ClCompile Include="eclass.cpp">
      <Filter>Source Files</Filter>
    </ClCompile>
    <ClCompile Include="entity.cpp">
      <Filter>Source Files</Filter>
    </ClCompile>
    <ClCompile Include="lbmlib.cpp">
      <Filter>Source Files</Filter>
    </ClCompile>
    <ClCompile Include="map.cpp">
      <Filter>Source Files</Filter>
    </ClCompile>
    <ClCompile Include="mathlib.cpp">
      <Filter>Source Files</Filter>
    </ClCompile>
    <ClCompile Include="mru.cpp">
      <Filter>Source Files</Filter>
    </ClCompile>
    <ClCompile Include="parse.cpp">
      <Filter>Source Files</Filter>
    </ClCompile>
    <ClCompile Include="points.cpp">
      <Filter>Source Files</Filter>
    </ClCompile>
    <ClCompile Include="qe3.cpp">
      <Filter>Source Files</Filter>
    </ClCompile>
    <ClCompile Include="select.cpp">
      <Filter>Source Files</Filter>
    </ClCompile>
    <ClCompile Include="textures.cpp">
      <Filter>Source Files</Filter>
    </ClCompile>
    <ClCompile Include="vertsel.cpp">
      <Filter>Source Files</Filter>
    </ClCompile>
    <ClCompile Include="win_cam.cpp">
      <Filter>Source Files</Filter>
    </ClCompile>
    <ClCompile Include="win_dlg.cpp">
      <Filter>Source Files</Filter>
    </ClCompile>
    <ClCompile Include="win_ent.cpp">
      <Filter>Source Files</Filter>
    </ClCompile>
    <ClCompile Include="win_main.cpp">
      <Filter>Source Files</Filter>
    </ClCompile>
    <ClCompile Include="win_qe3.cpp">
      <Filter>Source Files</Filter>
    </ClCompile>
    <ClCompile Include="win_xy.cpp">
      <Filter>Source Files</Filter>
    </ClCompile>
    <ClCompile Include="win_z.cpp">
      <Filter>Source Files</Filter>
    </ClCompile>
    <ClCompile Include="xy.cpp">
      <Filter>Source Files</Filter>
    </ClCompile>
    <ClCompile Include="z.cpp">
      <Filter>Source Files</Filter>
    </ClCompile>
    <ClCompile Include="Utilities.cpp">
      <Filter>Source Files</Filter>
    </ClCompile>
    <ClCompile Include="Viewport.cpp">
      <Filter>Source Files</Filter>
    </ClCompile>
    <ClCompile Include="Layer.cpp">
      <Filter>Source Files</Filter>
    </ClCompile>
  </ItemGroup>
  <ItemGroup>
    <ClInclude Include="brush.h">
      <Filter>Header Files</Filter>
    </ClInclude>
    <ClInclude Include="bspfile.h">
      <Filter>Header Files</Filter>
    </ClInclude>
    <ClInclude Include="camera.h">
      <Filter>Header Files</Filter>
    </ClInclude>
    <ClInclude Include="cmdlib.h">
      <Filter>Header Files</Filter>
    </ClInclude>
    <ClInclude Include="entity.h">
      <Filter>Header Files</Filter>
    </ClInclude>
    <ClInclude Include="entityw.h">
      <Filter>Header Files</Filter>
    </ClInclude>
    <ClInclude Include="lbmlib.h">
      <Filter>Header Files</Filter>
    </ClInclude>
    <ClInclude Include="map.h">
      <Filter>Header Files</Filter>
    </ClInclude>
    <ClInclude Include="mathlib.h">
      <Filter>Header Files</Filter>
    </ClInclude>
    <ClInclude Include="mru.h">
      <Filter>Header Files</Filter>
    </ClInclude>
    <ClInclude Include="parse.h">
      <Filter>Header Files</Filter>
    </ClInclude>
    <ClInclude Include="qe3.h">
      <Filter>Header Files</Filter>
    </ClInclude>
    <ClInclude Include="qedefs.h">
      <Filter>Header Files</Filter>
    </ClInclude>
    <ClInclude Include="qfiles.h">
      <Filter>Header Files</Filter>
    </ClInclude>
    <ClInclude Include="resource.h">
      <Filter>Header Files</Filter>
    </ClInclude>
    <ClInclude Include="select.h">
      <Filter>Header Files</Filter>
    </ClInclude>
    <ClInclude Include="textures.h">
      <Filter>Header Files</Filter>
    </ClInclude>
    <ClInclude Include="view.h">
      <Filter>Header Files</Filter>
    </ClInclude>
    <ClInclude Include="xy.h">
      <Filter>Header Files</Filter>
    </ClInclude>
    <ClInclude Include="z.h">
      <Filter>Header Files</Filter>
    </ClInclude>
    <ClInclude Include="MainWindow.h">
      <Filter>Header Files</Filter>
    </ClInclude>
    <ClInclude Include="Viewport.h">
      <Filter>Header Files</Filter>
    </ClInclude>
    <ClInclude Include="Layer.h">
      <Filter>Header Files</Filter>
    </ClInclude>
  </ItemGroup>
  <ItemGroup>
    <ResourceCompile Include="win_qe3.rc">
      <Filter>Resource Files</Filter>
    </ResourceCompile>
  </ItemGroup>
  <ItemGroup>
    <Image Include="toolbar1.bmp">
      <Filter>Resource Files</Filter>
    </Image>
    <Image Include="q.bmp">
      <Filter>Resource Files</Filter>
    </Image>
    <Image Include="icon1.ico">
      <Filter>Resource Files</Filter>
    </Image>
  </ItemGroup>
</Project>